
Microsoft Visual Studio Solution File, Format Version 12.00
# Visual Studio Version 17
VisualStudioVersion = 17.2.32602.215
MinimumVisualStudioVersion = 10.0.40219.1
Project("{FAE04EC0-301F-11D3-BF4B-00C04F79EFBC}") = "ComputerBrands", "ComputerBrands\ComputerBrands.csproj", "{144860EC-A9DE-41BA-AAC9-AC2C640C9F16}"
EndProject
Global
	GlobalSection(SolutionConfigurationPlatforms) = preSolution
		Debug|Any CPU = Debug|Any CPU
		Release|Any CPU = Release|Any CPU
	EndGlobalSection
	GlobalSection(ProjectConfigurationPlatforms) = postSolution
		{144860EC-A9DE-41BA-AAC9-AC2C640C9F16}.Debug|Any CPU.ActiveCfg = Debug|Any CPU
		{144860EC-A9DE-41BA-AAC9-AC2C640C9F16}.Debug|Any CPU.Build.0 = Debug|Any CPU
		{144860EC-A9DE-41BA-AAC9-AC2C640C9F16}.Release|Any CPU.ActiveCfg = Release|Any CPU
		{144860EC-A9DE-41BA-AAC9-AC2C640C9F16}.Release|Any CPU.Build.0 = Release|Any CPU
	EndGlobalSection
	GlobalSection(SolutionProperties) = preSolution
		HideSolutionNode = FALSE
	EndGlobalSection
	GlobalSection(ExtensibilityGlobals) = postSolution
		SolutionGuid = {46160145-E240-478B-AF99-81EC1D024727}
	EndGlobalSection
EndGlobal
